
Microsoft Visual Studio Solution File, Format Version 12.00
Project("{FAE04EC0-301F-11D3-BF4B-00C04F79EFBC}") = "Zeiterfassungssystem.Mock", "Zeiterfassungssystem.Mock\Zeiterfassungssystem.Mock.csproj", "{EEF4FD9F-F426-4FE4-952E-34A129B21906}"
EndProject
Global
	GlobalSection(SolutionConfigurationPlatforms) = preSolution
		Debug|Any CPU = Debug|Any CPU
		Release|Any CPU = Release|Any CPU
	EndGlobalSection
	GlobalSection(ProjectConfigurationPlatforms) = postSolution
		{EEF4FD9F-F426-4FE4-952E-34A129B21906}.Debug|Any CPU.ActiveCfg = Debug|Any CPU
		{EEF4FD9F-F426-4FE4-952E-34A129B21906}.Debug|Any CPU.Build.0 = Debug|Any CPU
		{EEF4FD9F-F426-4FE4-952E-34A129B21906}.Release|Any CPU.ActiveCfg = Release|Any CPU
		{EEF4FD9F-F426-4FE4-952E-34A129B21906}.Release|Any CPU.Build.0 = Release|Any CPU
	EndGlobalSection
EndGlobal
